
Microsoft Visual Studio Solution File, Format Version 12.00
# Visual Studio Version 17
VisualStudioVersion = 17.3.32825.248
MinimumVisualStudioVersion = 10.0.40219.1
Project("{FAE04EC0-301F-11D3-BF4B-00C04F79EFBC}") = "QuanLyVatTu", "QuanLyVatTu\QuanLyVatTu.csproj", "{65916EFC-6FD7-4474-A8B6-FB8BD595C941}"
EndProject
Project("{54435603-DBB4-11D2-8724-00A0C9A8B90C}") = "Setup", "Setup\Setup.vdproj", "{7898270E-6C1F-4EA6-B3BF-E2598378F3E8}"
EndProject
Global
	GlobalSection(SolutionConfigurationPlatforms) = preSolution
		Debug|Any CPU = Debug|Any CPU
		Release|Any CPU = Release|Any CPU
	EndGlobalSection
	GlobalSection(ProjectConfigurationPlatforms) = postSolution
		{65916EFC-6FD7-4474-A8B6-FB8BD595C941}.Debug|Any CPU.ActiveCfg = Debug|Any CPU
		{65916EFC-6FD7-4474-A8B6-FB8BD595C941}.Debug|Any CPU.Build.0 = Debug|Any CPU
		{65916EFC-6FD7-4474-A8B6-FB8BD595C941}.Release|Any CPU.ActiveCfg = Release|Any CPU
		{65916EFC-6FD7-4474-A8B6-FB8BD595C941}.Release|Any CPU.Build.0 = Release|Any CPU
		{7898270E-6C1F-4EA6-B3BF-E2598378F3E8}.Debug|Any CPU.ActiveCfg = Debug
		{7898270E-6C1F-4EA6-B3BF-E2598378F3E8}.Release|Any CPU.ActiveCfg = Release
	EndGlobalSection
	GlobalSection(SolutionProperties) = preSolution
		HideSolutionNode = FALSE
	EndGlobalSection
	GlobalSection(ExtensibilityGlobals) = postSolution
		SolutionGuid = {EA4368E0-EA1C-4CFA-98B9-88EBDE34BCEC}
	EndGlobalSection
EndGlobal
